{
  "nodes": {
    "crane": {
      "locked": {
        "lastModified": 1788310914,
        "narHash": "sha256-B2vIgrwKQd2hFdSgzF2fvqqkzIkJtBlUGc85cKZh0e4=",
        "owner": "ipetkov",
        "repo": "crane",
        "rev": "d852f62f060ef43937a78d409f63625c82b25af3",
        "type": "github"
      },
      "original": {
        "owner": "ipetkov",
        "repo": "crane",
        "type": "github"
      }
    },
    "crane_2": {
      "locked": {
        "lastModified": 1785782307,
        "narHash": "sha256-MPaRdVkf6zZP5fCPxYCi8Dr4pZzgmXzg8T9nVEbp3Mw=",
        "owner": "ipetkov",
        "repo": "crane",
        "rev": "2c71e194474d13de031d729b729c968ddbe3507f",
        "type": "github"
      },
      "original": {
        "owner": "ipetkov",
        "repo": "crane",
        "type": "github"
      }
    },
    "fenix": {
      "inputs": {
        "nixpkgs": [
          "nixpkgs"
        ],
        "rust-analyzer-src": "rust-analyzer-src"
      },
      "locked": {
        "lastModified": 1788433075,
        "narHash": "sha256-8j/0mNhbRbJQ7KyGxtS3vEeNhT5cK8NEM2ZQr03uOrU=",
        "owner": "nix-community",
        "repo": "fenix",
        "rev": "c957e2d0e505ad7be04c7f2f2f3d7885fb9e242c",
        "type": "github"
      },
      "original": {
        "owner": "nix-community",
        "repo": "fenix",
        "type": "github"
      }
    },
    "fenix_2": {
      "inputs": {
        "nixpkgs": [
          "tomet",
          "nixpkgs"
        ],
        "rust-analyzer-src": "rust-analyzer-src_2"
      },
      "locked": {
        "lastModified": 1786432497,
        "narHash": "sha256-iunnvo2ZqbFOwp/LXL3vtlbaG+45FuiHk+YKpbSoAec=",
        "owner": "nix-community",
        "repo": "fenix",
        "rev": "45d045a58ed69993eb1d349a86def638fea93a9f",
        "type": "github"
      },
      "original": {
        "owner": "nix-community",
        "repo": "fenix",
        "type": "github"
      }
    },
    "flake-parts": {
      "inputs": {
        "nixpkgs-lib": "nixpkgs-lib"
      },
      "locked": {
        "lastModified": 1788306937,
        "narHash": "sha256-lbrI1UYVpFgKSsyrU9oeF7FHfnu8nLD9ja0ou9f2rxk=",
        "owner": "hercules-ci",
        "repo": "flake-parts",
        "rev": "f16b25b8c3d2809b87925d0b76652d7821a75c68",
        "type": "github"
      },
      "original": {
        "owner": "hercules-ci",
        "repo": "flake-parts",
        "type": "github"
      }
    },
    "flake-parts_2": {
      "inputs": {
        "nixpkgs-lib": "nixpkgs-lib_2"
      },
      "locked": {
        "lastModified": 1785627969,
        "narHash": "sha256-4dtXQk/NMePegK/nWp5NSeuZKLATItOq61lpEvmXqGw=",
        "owner": "hercules-ci",
        "repo": "flake-parts",
        "rev": "427bf4bd9435fdf21321c8cc628c24efc14c0f7a",
        "type": "github"
      },
      "original": {
        "owner": "hercules-ci",
        "repo": "flake-parts",
        "type": "github"
      }
    },
    "nixpkgs": {
      "locked": {
        "lastModified": 1788316716,
        "narHash": "sha256-bc7rSpXIdn9QWGNqfWcPZWOhEVF8NoeAZkWq0XWnf/k=",
        "owner": "NixOS",
        "repo": "nixpkgs",
        "rev": "3ed67ec0a4d3c7ab4ae1f04f8ee8df07bfa506a2",
        "type": "github"
      },
      "original": {
        "owner": "NixOS",
        "ref": "nixos-unstable",
        "repo": "nixpkgs",
        "type": "github"
      }
    },
    "nixpkgs-lib": {
      "locked": {
        "lastModified": 1788057806,
        "narHash": "sha256-DTQSMxzDWmT0zhguthvegnVkn7CFqGCv4IHCzk5ZUpM=",
        "owner": "nix-community",
        "repo": "nixpkgs.lib",
        "rev": "596e2e3940e09b2abbeb03f75fa1828c57fcd72c",
        "type": "github"
      },
      "original": {
        "owner": "nix-community",
        "repo": "nixpkgs.lib",
        "type": "github"
      }
    },
    "nixpkgs-lib_2": {
      "locked": {
        "lastModified": 1785031560,
        "narHash": "sha256-OmshNvn2vupOFpYinLUu+1Dnpu4n7Q5N3ggGVNHpkUI=",
        "owner": "nix-community",
        "repo": "nixpkgs.lib",
        "rev": "0e79af5e3d4dcfcd676ab5ba3f95d2e3352e078c",
        "type": "github"
      },
      "original": {
        "owner": "nix-community",
        "repo": "nixpkgs.lib",
        "type": "github"
      }
    },
    "nixpkgs_2": {
      "locked": {
        "lastModified": 1788316716,
        "narHash": "sha256-bc7rSpXIdn9QWGNqfWcPZWOhEVF8NoeAZkWq0XWnf/k=",
        "owner": "NixOS",
        "repo": "nixpkgs",
        "rev": "3ed67ec0a4d3c7ab4ae1f04f8ee8df07bfa506a2",
        "type": "github"
      },
      "original": {
        "owner": "NixOS",
        "ref": "nixos-unstable",
        "repo": "nixpkgs",
        "type": "github"
      }
    },
    "nixpkgs_3": {
      "locked": {
        "lastModified": 1770107345,
        "narHash": "sha256-tbS0Ebx2PiA1FRW8mt8oejR0qMXmziJmPaU1d4kYY9g=",
        "owner": "nixos",
        "repo": "nixpkgs",
        "rev": "4533d9293756b63904b7238acb84ac8fe4c8c2c4",
        "type": "github"
      },
      "original": {
        "owner": "nixos",
        "ref": "nixpkgs-unstable",
        "repo": "nixpkgs",
        "type": "github"
      }
    },
    "nixpkgs_4": {
      "locked": {
        "lastModified": 1770107345,
        "narHash": "sha256-tbS0Ebx2PiA1FRW8mt8oejR0qMXmziJmPaU1d4kYY9g=",
        "owner": "nixos",
        "repo": "nixpkgs",
        "rev": "4533d9293756b63904b7238acb84ac8fe4c8c2c4",
        "type": "github"
      },
      "original": {
        "owner": "nixos",
        "ref": "nixpkgs-unstable",
        "repo": "nixpkgs",
        "type": "github"
      }
    },
    "root": {
      "inputs": {
        "crane": "crane",
        "fenix": "fenix",
        "flake-parts": "flake-parts",
        "nixpkgs": "nixpkgs",
        "tomet": "tomet",
        "treefmt-nix": "treefmt-nix_2"
      }
    },
    "rust-analyzer-src": {
      "flake": false,
      "locked": {
        "lastModified": 1788394718,
        "narHash": "sha256-Dyr++cx/ODeP4T4PdaaW7gX8TH9IQs7kScZdi9aMn2s=",
        "owner": "rust-lang",
        "repo": "rust-analyzer",
        "rev": "bf25c45e974ab01bf46bc9fdca0f8b2fde66ae27",
        "type": "github"
      },
      "original": {
        "owner": "rust-lang",
        "ref": "nightly",
        "repo": "rust-analyzer",
        "type": "github"
      }
    },
    "rust-analyzer-src_2": {
      "flake": false,
      "locked": {
        "lastModified": 1786396074,
        "narHash": "sha256-tQAL2tJNNhPV6LBY/9pef+fq37RLYts/LknqJ6m9Y6Q=",
        "owner": "rust-lang",
        "repo": "rust-analyzer",
        "rev": "57bea800b866168ac4f310333e326b92ccba7aca",
        "type": "github"
      },
      "original": {
        "owner": "rust-lang",
        "ref": "nightly",
        "repo": "rust-analyzer",
        "type": "github"
      }
    },
    "tomet": {
      "inputs": {
        "crane": "crane_2",
        "fenix": "fenix_2",
        "flake-parts": "flake-parts_2",
        "nixpkgs": "nixpkgs_2",
        "treefmt-nix": "treefmt-nix"
      },
      "locked": {
        "lastModified": 1788292983,
        "narHash": "sha256-QkAljRYeYTHaic+pieGQBmlDN4WpTyKps1LEXZi9glU=",
        "ref": "refs/heads/main",
        "rev": "41a2f74171c5f13e072d9a16d1987e853ae2fd58",
        "revCount": 82,
        "type": "git",
        "url": "https://github.com/tomet-lang/tomet.git"
      },
      "original": {
        "type": "git",
        "url": "https://github.com/tomet-lang/tomet.git"
      }
    },
    "treefmt-nix": {
      "inputs": {
        "nixpkgs": "nixpkgs_3"
      },
      "locked": {
        "lastModified": 1785945821,
        "narHash": "sha256-NLSyTCW4K4ofhNBllt3omPasm6QpralXH1DBZOc91Dw=",
        "owner": "numtide",
        "repo": "treefmt-nix",
        "rev": "ae7910970dddc408fe6ab1c8e4b277bb21d72dc0",
        "type": "github"
      },
      "original": {
        "owner": "numtide",
        "repo": "treefmt-nix",
        "type": "github"
      }
    },
    "treefmt-nix_2": {
      "inputs": {
        "nixpkgs": "nixpkgs_4"
      },
      "locked": {
        "lastModified": 1786901030,
        "narHash": "sha256-WSFCsDSE5ffgD2MqzkM2CYjeFiKhRF/dJUN8uedb6YE=",
        "owner": "numtide",
        "repo": "treefmt-nix",
        "rev": "27b3b12a8e6375f28ebe122f07d230ca5459bbfa",
        "type": "github"
      },
      "original": {
        "owner": "numtide",
        "repo": "treefmt-nix",
        "type": "github"
      }
    }
  },
  "root": "root",
  "version": 7
}
