# This file is automatically @generated by Cargo.
# It is not intended for manual editing.
version = 4

[[package]]
name = "core"
version = "0.1.0"
dependencies = [
 "inner",
]

[[package]]
name = "inner"
version = "0.1.0"
dependencies = [
 "outside",
]

[[package]]
name = "outside"
version = "0.1.0"

[[patch.unused]]
name = "tomet-ast"
version = "0.1.0"

[[patch.unused]]
name = "tomet-load"
version = "0.1.0"

[[patch.unused]]
name = "tomet-parser"
version = "0.1.0"

[[patch.unused]]
name = "tomet-semantics"
version = "0.1.0"

[[patch.unused]]
name = "tomet-tree"
version = "0.1.0"
